
Microsoft Visual Studio Solution File, Format Version 12.00
# Visual Studio Version 17
VisualStudioVersion = 17.8.34316.72
MinimumVisualStudioVersion = 10.0.40219.1
Project("{FAE04EC0-301F-11D3-BF4B-00C04F79EFBC}") = "ReadyTech.CoffeeAPI", "ReadyTech.CoffeeAPI.csproj", "{026FB1AD-01CA-4C5A-AB91-F5E16284ED3B}"
EndProject
Project("{FAE04EC0-301F-11D3-BF4B-00C04F79EFBC}") = "ReadyTech.CoffeeAPI.Tests", "..\ReadyTech.CoffeeAPI.Tests\ReadyTech.CoffeeAPI.Tests.csproj", "{5E7B270A-6D52-43EC-9AEA-78759F9412FB}"
EndProject
Global
	GlobalSection(SolutionConfigurationPlatforms) = preSolution
		Debug|Any CPU = Debug|Any CPU
		Release|Any CPU = Release|Any CPU
	EndGlobalSection
	GlobalSection(ProjectConfigurationPlatforms) = postSolution
		{026FB1AD-01CA-4C5A-AB91-F5E16284ED3B}.Debug|Any CPU.ActiveCfg = Debug|Any CPU
		{026FB1AD-01CA-4C5A-AB91-F5E16284ED3B}.Debug|Any CPU.Build.0 = Debug|Any CPU
		{026FB1AD-01CA-4C5A-AB91-F5E16284ED3B}.Release|Any CPU.ActiveCfg = Release|Any CPU
		{026FB1AD-01CA-4C5A-AB91-F5E16284ED3B}.Release|Any CPU.Build.0 = Release|Any CPU
		{5E7B270A-6D52-43EC-9AEA-78759F9412FB}.Debug|Any CPU.ActiveCfg = Debug|Any CPU
		{5E7B270A-6D52-43EC-9AEA-78759F9412FB}.Debug|Any CPU.Build.0 = Debug|Any CPU
		{5E7B270A-6D52-43EC-9AEA-78759F9412FB}.Release|Any CPU.ActiveCfg = Release|Any CPU
		{5E7B270A-6D52-43EC-9AEA-78759F9412FB}.Release|Any CPU.Build.0 = Release|Any CPU
	EndGlobalSection
	GlobalSection(SolutionProperties) = preSolution
		HideSolutionNode = FALSE
	EndGlobalSection
	GlobalSection(ExtensibilityGlobals) = postSolution
		SolutionGuid = {679FC6E2-01ED-471B-BA96-4D9E882C9A25}
	EndGlobalSection
EndGlobal
